<?xml version="1.0" encoding="utf-8"?>
<Project ToolsVersion="4.0" xmlns="http://schemas.microsoft.com/developer/msbuild/2003">
  <ItemGroup>
    <Filter Include="Source Files">
      <UniqueIdentifier>{764b689a-01ac-45c1-882a-22ebea5770df}</UniqueIdentifier>
      <Extensions>cpp;c;cxx;rc;def;r;odl;idl;hpj;bat</Extensions>
    </Filter>
    <Filter Include="Header Files">
      <UniqueIdentifier>{3847f64b-52ff-426e-97c8-1ceaa4bf37ff}</UniqueIdentifier>
      <Extensions>h;hpp;hxx;hm;inl</Extensions>
    </Filter>
  </ItemGroup>
  <ItemGroup>
    <ClCompile Include="dom.cpp">
      <Filter>Source Files</Filter>
    </ClCompile>
    <ClCompile Include="nsimpl.cpp">
      <Filter>Source Files</Filter>
    </ClCompile>
    <ClCompile Include="promptservice.cpp">
      <Filter>Source Files</Filter>
    </ClCompile>
    <ClCompile Include="testapp.cpp">
      <Filter>Source Files</Filter>
    </ClCompile>
    <ClCompile Include="webcontrol.cpp">
      <Filter>Source Files</Filter>
    </ClCompile>
    <ClCompile Include="webframe.cpp">
      <Filter>Source Files</Filter>
    </ClCompile>
    <ClCompile Include="webprefs.cpp">
      <Filter>Source Files</Filter>
    </ClCompile>
  </ItemGroup>
  <ItemGroup>
    <ClInclude Include="dom.h">
      <Filter>Header Files</Filter>
    </ClInclude>
    <ClInclude Include="domprivate.h">
      <Filter>Header Files</Filter>
    </ClInclude>
    <ClInclude Include="nsall.h">
      <Filter>Header Files</Filter>
    </ClInclude>
    <ClInclude Include="nsbase.h">
      <Filter>Header Files</Filter>
    </ClInclude>
    <ClInclude Include="nsinclude.h">
      <Filter>Header Files</Filter>
    </ClInclude>
    <ClInclude Include="nsptr.h">
      <Filter>Header Files</Filter>
    </ClInclude>
    <ClInclude Include="nsstr.h">
      <Filter>Header Files</Filter>
    </ClInclude>
    <ClInclude Include="nsutils.h">
      <Filter>Header Files</Filter>
    </ClInclude>
    <ClInclude Include="nsweak.h">
      <Filter>Header Files</Filter>
    </ClInclude>
    <ClInclude Include="promptservice.h">
      <Filter>Header Files</Filter>
    </ClInclude>
    <ClInclude Include="webcontrol.h">
      <Filter>Header Files</Filter>
    </ClInclude>
    <ClInclude Include="webframe.h">
      <Filter>Header Files</Filter>
    </ClInclude>
  </ItemGroup>
  <ItemGroup>
    <Midl Include="nsall.idl">
      <Filter>Header Files</Filter>
    </Midl>
  </ItemGroup>
</Project>